
Microsoft Visual Studio Solution File, Format Version 12.00
# Visual Studio 15
VisualStudioVersion = 15.0.26730.3
MinimumVisualStudioVersion = 10.0.40219.1
Project("{FAE04EC0-301F-11D3-BF4B-00C04F79EFBC}") = "StatusDbServer.Web", "StatusDbServer.Web\StatusDbServer.Web.csproj", "{EC5A6CB9-6FC7-4F6E-A2EC-E562F52123B7}"
EndProject
Project("{FAE04EC0-301F-11D3-BF4B-00C04F79EFBC}") = "StatusDbServer.Core", "StatusDbServer.Core\StatusDbServer.Core.csproj", "{8C2289B1-CAD5-4DBC-A523-A0BB23D8F523}"
EndProject
Global
	GlobalSection(SolutionConfigurationPlatforms) = preSolution
		Debug|Any CPU = Debug|Any CPU
		Release|Any CPU = Release|Any CPU
	EndGlobalSection
	GlobalSection(ProjectConfigurationPlatforms) = postSolution
		{EC5A6CB9-6FC7-4F6E-A2EC-E562F52123B7}.Debug|Any CPU.ActiveCfg = Debug|Any CPU
		{EC5A6CB9-6FC7-4F6E-A2EC-E562F52123B7}.Debug|Any CPU.Build.0 = Debug|Any CPU
		{EC5A6CB9-6FC7-4F6E-A2EC-E562F52123B7}.Release|Any CPU.ActiveCfg = Release|Any CPU
		{EC5A6CB9-6FC7-4F6E-A2EC-E562F52123B7}.Release|Any CPU.Build.0 = Release|Any CPU
		{8C2289B1-CAD5-4DBC-A523-A0BB23D8F523}.Debug|Any CPU.ActiveCfg = Debug|Any CPU
		{8C2289B1-CAD5-4DBC-A523-A0BB23D8F523}.Debug|Any CPU.Build.0 = Debug|Any CPU
		{8C2289B1-CAD5-4DBC-A523-A0BB23D8F523}.Release|Any CPU.ActiveCfg = Release|Any CPU
		{8C2289B1-CAD5-4DBC-A523-A0BB23D8F523}.Release|Any CPU.Build.0 = Release|Any CPU
	EndGlobalSection
	GlobalSection(SolutionProperties) = preSolution
		HideSolutionNode = FALSE
	EndGlobalSection
	GlobalSection(ExtensibilityGlobals) = postSolution
		SolutionGuid = {53830ED7-7E84-4FF2-83C4-79EF83BE91DE}
	EndGlobalSection
EndGlobal
